// !$*UTF8*$!
{
	archiveVersion = 1;
	classes = {
	};
	objectVersion = 50;
	objects = {

/* Begin PBXBuildFile section */
		BF487DF725D1ABAE00B1F073 /* AppDelegate.swift in Sources */ = {isa = PBXBuildFile; fileRef = BF487DF625D1ABAE00B1F073 /* AppDelegate.swift */; };
		BF487DF925D1ABAE00B1F073 /* SceneDelegate.swift in Sources */ = {isa = PBXBuildFile; fileRef = BF487DF825D1ABAE00B1F073 /* SceneDelegate.swift */; };
		BF487DFB25D1ABAE00B1F073 /* ViewController.swift in Sources */ = {isa = PBXBuildFile; fileRef = BF487DFA25D1ABAE00B1F073 /* ViewController.swift */; };
		BF487DFE25D1ABAE00B1F073 /* Main.storyboard in Resources */ = {isa = PBXBuildFile; fileRef = BF487DFC25D1ABAE00B1F073 /* Main.storyboard */; };
		BF487E0025D1ABAF00B1F073 /* Assets.xcassets in Resources */ = {isa = PBXBuildFile; fileRef = BF487DFF25D1ABAF00B1F073 /* Assets.xcassets */; };
		BF487E0325D1ABAF00B1F073 /* LaunchScreen.storyboard in Resources */ = {isa = PBXBuildFile; fileRef = BF487E0125D1ABAF00B1F073 /* LaunchScreen.storyboard */; };
/* End PBXBuildFile section */

/* Begin PBXFileReference section */
		BF487DF325D1ABAE00B1F073 /* UniSchedule.app */ = {isa = PBXFileReference; explicitFileType = wrapper.application; includeInIndex = 0; path = UniSchedule.app; sourceTree = BUILT_PRODUCTS_DIR; };
		BF487DF625D1ABAE00B1F073 /* AppDelegate.swift */ = {isa = PBXFileReference; lastKnownFileType = sourcecode.swift; path = AppDelegate.swift; sourceTree = "<group>"; };
		BF487DF825D1ABAE00B1F073 /* SceneDelegate.swift */ = {isa = PBXFileReference; lastKnownFileType = sourcecode.swift; path = SceneDelegate.swift; sourceTree = "<group>"; };
		BF487DFA25D1ABAE00B1F073 /* ViewController.swift */ = {isa = PBXFileReference; lastKnownFileType = sourcecode.swift; path = ViewController.swift; sourceTree = "<group>"; };
		BF487DFD25D1ABAE00B1F073 /* Base */ = {isa = PBXFileReference; lastKnownFileType = file.storyboard; name = Base; path = Base.lproj/Main.storyboard; sourceTree = "<group>"; };
		BF487DFF25D1ABAF00B1F073 /* Assets.xcassets */ = {isa = PBXFileReference; lastKnownFileType = folder.assetcatalog; path = Assets.xcassets; sourceTree = "<group>"; };
		BF487E0225D1ABAF00B1F073 /* Base */ = {isa = PBXFileReference; lastKnownFileType = file.storyboard; name = Base; path = Base.lproj/LaunchScreen.storyboard; sourceTree = "<group>"; };
		BF487E0425D1ABAF00B1F073 /* Info.plist */ = {isa = PBXFileReference; lastKnownFileType = text.plist.xml; path = Info.plist; sourceTree = "<group>"; };
/* End PBXFileReference section */

/* Begin PBXFrameworksBuildPhase section */
		BF487DF025D1ABAE00B1F073 /* Frameworks */ = {
			isa = PBXFrameworksBuildPhase;
			buildActionMask = 2147483647;
			files = (
			);
			runOnlyForDeploymentPostprocessing = 0;
		};
/* End PBXFrameworksBuildPhase section */

/* Begin PBXGroup section */
		BF487DEA25D1ABAD00B1F073 = {
			isa = PBXGroup;
			children = (
				BF487DF525D1ABAE00B1F073 /* UniSchedule */,
				BF487DF425D1ABAE00B1F073 /* Products */,
			);
			sourceTree = "<group>";
		};
		BF487DF425D1ABAE00B1F073 /* Products */ = {
			isa = PBXGroup;
			children = (
				BF487DF325D1ABAE00B1F073 /* UniSchedule.app */,
			);
			name = Products;
			sourceTree = "<group>";
		};
		BF487DF525D1ABAE00B1F073 /* UniSchedule */ = {
			isa = PBXGroup;
			children = (
				BF487DF625D1ABAE00B1F073 /* AppDelegate.swift */,
				BF487DF825D1ABAE00B1F073 /* SceneDelegate.swift */,
				BF487DFA25D1ABAE00B1F073 /* ViewController.swift */,
				BF487DFC25D1ABAE00B1F073 /* Main.storyboard */,
				BF487DFF25D1ABAF00B1F073 /* Assets.xcassets */,
				BF487E0125D1ABAF00B1F073 /* LaunchScreen.storyboard */,
				BF487E0425D1ABAF00B1F073 /* Info.plist */,
			);
			path = UniSchedule;
			sourceTree = "<group>";
		};
/* End PBXGroup section */

/* Begin PBXNativeTarget section */
		BF487DF225D1ABAE00B1F073 /* UniSchedule */ = {
			isa = PBXNativeTarget;
			buildConfigurationList = BF487E0725D1ABAF00B1F073 /* Build configuration list for PBXNativeTarget "UniSchedule" */;
			buildPhases = (
				BF487DEF25D1ABAE00B1F073 /* Sources */,
				BF487DF025D1ABAE00B1F073 /* Frameworks */,
				BF487DF125D1ABAE00B1F073 /* Resources */,
			);
			buildRules = (
			);
			dependencies = (
			);
			name = UniSchedule;
			productName = UniSchedule;
			productReference = BF487DF325D1ABAE00B1F073 /* UniSchedule.app */;
			productType = "com.apple.product-type.application";
		};
/* End PBXNativeTarget section */

/* Begin PBXProject section */
		BF487DEB25D1ABAD00B1F073 /* Project object */ = {
			isa = PBXProject;
			attributes = {
				LastSwiftUpdateCheck = 1150;
				LastUpgradeCheck = 1150;
				ORGANIZATIONNAME = Parastoo;
				TargetAttributes = {
					BF487DF225D1ABAE00B1F073 = {
						CreatedOnToolsVersion = 11.5;
					};
				};
			};
			buildConfigurationList = BF487DEE25D1ABAD00B1F073 /* Build configuration list for PBXProject "UniSchedule" */;
			compatibilityVersion = "Xcode 9.3";
			developmentRegion = en;
			hasScannedForEncodings = 0;
			knownRegions = (
				en,
				Base,
			);
			mainGroup = BF487DEA25D1ABAD00B1F073;
			productRefGroup = BF487DF425D1ABAE00B1F073 /* Products */;
			projectDirPath = "";
			projectRoot = "";
			targets = (
				BF487DF225D1ABAE00B1F073 /* UniSchedule */,
			);
		};
/* End PBXProject section */

/* Begin PBXResourcesBuildPhase section */
		BF487DF125D1ABAE00B1F073 /* Resources */ = {
			isa = PBXResourcesBuildPhase;
			buildActionMask = 2147483647;
			files = (
				BF487E0325D1ABAF00B1F073 /* LaunchScreen.storyboard in Resources */,
				BF487E0025D1ABAF00B1F073 /* Assets.xcassets in Resources */,
				BF487DFE25D1ABAE00B1F073 /* Main.storyboard in Resources */,
			);
			runOnlyForDeploymentPostprocessing = 0;
		};
/* End PBXResourcesBuildPhase section */

/* Begin PBXSourcesBuildPhase section */
		BF487DEF25D1ABAE00B1F073 /* Sources */ = {
			isa = PBXSourcesBuildPhase;
			buildActionMask = 2147483647;
			files = (
				BF487DFB25D1ABAE00B1F073 /* ViewController.swift in Sources */,
				BF487DF725D1ABAE00B1F073 /* AppDelegate.swift in Sources */,
				BF487DF925D1ABAE00B1F073 /* SceneDelegate.swift in Sources */,
			);
			runOnlyForDeploymentPostprocessing = 0;
		};
/* End PBXSourcesBuildPhase section */

/* Begin PBXVariantGroup section */
		BF487DFC25D1ABAE00B1F073 /* Main.storyboard */ = {
			isa = PBXVariantGroup;
			children = (
				BF487DFD25D1ABAE00B1F073 /* Base */,
			);
			name = Main.storyboard;
			sourceTree = "<group>";
		};
		BF487E0125D1ABAF00B1F073 /* LaunchScreen.storyboard */ = {
			isa = PBXVariantGroup;
			children = (
				BF487E0225D1ABAF00B1F073 /* Base */,
			);
			name = LaunchScreen.storyboard;
			sourceTree = "<group>";
		};
/* End PBXVariantGroup section */

/* Begin XCBuildConfiguration section */
		BF487E0525D1ABAF00B1F073 /* Debug */ = {
			isa = XCBuildConfiguration;
			buildSettings = {
				ALWAYS_SEARCH_USER_PATHS = NO;
				CLANG_ANALYZER_NONNULL = YES;
				CLANG_ANALYZER_NUMBER_OBJECT_CONVERSION = YES_AGGRESSIVE;
				CLANG_CXX_LANGUAGE_STANDARD = "gnu++14";
				CLANG_CXX_LIBRARY = "libc++";
				CLANG_ENABLE_MODULES = YES;
				CLANG_ENABLE_OBJC_ARC = YES;
				CLANG_ENABLE_OBJC_WEAK = YES;
				CLANG_WARN_BLOCK_CAPTURE_AUTORELEASING = YES;
				CLANG_WARN_BOOL_CONVERSION = YES;
				CLANG_WARN_COMMA = YES;
				CLANG_WARN_CONSTANT_CONVERSION = YES;
				CLANG_WARN_DEPRECATED_OBJC_IMPLEMENTATIONS = YES;
				CLANG_WARN_DIRECT_OBJC_ISA_USAGE = YES_ERROR;
				CLANG_WARN_DOCUMENTATION_COMMENTS = YES;
				CLANG_WARN_EMPTY_BODY = YES;
				CLANG_WARN_ENUM_CONVERSION = YES;
				CLANG_WARN_INFINITE_RECURSION = YES;
				CLANG_WARN_INT_CONVERSION = YES;
				CLANG_WARN_NON_LITERAL_NULL_CONVERSION = YES;
				CLANG_WARN_OBJC_IMPLICIT_RETAIN_SELF = YES;
				CLANG_WARN_OBJC_LITERAL_CONVERSION = YES;
				CLANG_WARN_OBJC_ROOT_CLASS = YES_ERROR;
				CLANG_WARN_RANGE_LOOP_ANALYSIS = YES;
				CLANG_WARN_STRICT_PROTOTYPES = YES;
				CLANG_WARN_SUSPICIOUS_MOVE = YES;
				CLANG_WARN_UNGUARDED_AVAILABILITY = YES_AGGRESSIVE;
				CLANG_WARN_UNREACHABLE_CODE = YES;
				CLANG_WARN__DUPLICATE_METHOD_MATCH = YES;
				COPY_PHASE_STRIP = NO;
				DEBUG_INFORMATION_FORMAT = dwarf;
				ENABLE_STRICT_OBJC_MSGSEND = YES;
				ENABLE_TESTABILITY = YES;
				GCC_C_LANGUAGE_STANDARD = gnu11;
				GCC_DYNAMIC_NO_PIC = NO;
				GCC_NO_COMMON_BLOCKS = YES;
				GCC_OPTIMIZATION_LEVEL = 0;
				GCC_PREPROCESSOR_DEFINITIONS = (
					"DEBUG=1",
					"$(inherited)",
				);
				GCC_WARN_64_TO_32_BIT_CONVERSION = YES;
				GCC_WARN_ABOUT_RETURN_TYPE = YES_ERROR;
				GCC_WARN_UNDECLARED_SELECTOR = YES;
				GCC_WARN_UNINITIALIZED_AUTOS = YES_AGGRESSIVE;
				GCC_WARN_UNUSED_FUNCTION = YES;
				GCC_WARN_UNUSED_VARIABLE = YES;
				IPHONEOS_DEPLOYMENT_TARGET = 13.5;
				MTL_ENABLE_DEBUG_INFO = INCLUDE_SOURCE;
				MTL_FAST_MATH = YES;
				ONLY_ACTIVE_ARCH = YES;
				SDKROOT = iphoneos;
				SWIFT_ACTIVE_COMPILATION_CONDITIONS = DEBUG;
				SWIFT_OPTIMIZATION_LEVEL = "-Onone";
			};
			name = Debug;
		};
		BF487E0625D1ABAF00B1F073 /* Release */ = {
			isa = XCBuildConfiguration;
			buildSettings = {
				ALWAYS_SEARCH_USER_PATHS = NO;
				CLANG_ANALYZER_NONNULL = YES;
				CLANG_ANALYZER_NUMBER_OBJECT_CONVERSION = YES_AGGRESSIVE;
				CLANG_CXX_LANGUAGE_STANDARD = "gnu++14";
				CLANG_CXX_LIBRARY = "libc++";
				CLANG_ENABLE_MODULES = YES;
				CLANG_ENABLE_OBJC_ARC = YES;
				CLANG_ENABLE_OBJC_WEAK = YES;
				CLANG_WARN_BLOCK_CAPTURE_AUTORELEASING = YES;
				CLANG_WARN_BOOL_CONVERSION = YES;
				CLANG_WARN_COMMA = YES;
				CLANG_WARN_CONSTANT_CONVERSION = YES;
				CLANG_WARN_DEPRECATED_OBJC_IMPLEMENTATIONS = YES;
				CLANG_WARN_DIRECT_OBJC_ISA_USAGE = YES_ERROR;
				CLANG_WARN_DOCUMENTATION_COMMENTS = YES;
				CLANG_WARN_EMPTY_BODY = YES;
				CLANG_WARN_ENUM_CONVERSION = YES;
				CLANG_WARN_INFINITE_RECURSION = YES;
				CLANG_WARN_INT_CONVERSION = YES;
				CLANG_WARN_NON_LITERAL_NULL_CONVERSION = YES;
				CLANG_WARN_OBJC_IMPLICIT_RETAIN_SELF = YES;
				CLANG_WARN_OBJC_LITERAL_CONVERSION = YES;
				CLANG_WARN_OBJC_ROOT_CLASS = YES_ERROR;
				CLANG_WARN_RANGE_LOOP_ANALYSIS = YES;
				CLANG_WARN_STRICT_PROTOTYPES = YES;
				CLANG_WARN_SUSPICIOUS_MOVE = YES;
				CLANG_WARN_UNGUARDED_AVAILABILITY = YES_AGGRESSIVE;
				CLANG_WARN_UNREACHABLE_CODE = YES;
				CLANG_WARN__DUPLICATE_METHOD_MATCH = YES;
				COPY_PHASE_STRIP = NO;
				DEBUG_INFORMATION_FORMAT = "dwarf-with-dsym";
				ENABLE_NS_ASSERTIONS = NO;
				ENABLE_STRICT_OBJC_MSGSEND = YES;
				GCC_C_LANGUAGE_STANDARD = gnu11;
				GCC_NO_COMMON_BLOCKS = YES;
				GCC_WARN_64_TO_32_BIT_CONVERSION = YES;
				GCC_WARN_ABOUT_RETURN_TYPE = YES_ERROR;
				GCC_WARN_UNDECLARED_SELECTOR = YES;
				GCC_WARN_UNINITIALIZED_AUTOS = YES_AGGRESSIVE;
				GCC_WARN_UNUSED_FUNCTION = YES;
				GCC_WARN_UNUSED_VARIABLE = YES;
				IPHONEOS_DEPLOYMENT_TARGET = 13.5;
				MTL_ENABLE_DEBUG_INFO = NO;
				MTL_FAST_MATH = YES;
				SDKROOT = iphoneos;
				SWIFT_COMPILATION_MODE = wholemodule;
				SWIFT_OPTIMIZATION_LEVEL = "-O";
				VALIDATE_PRODUCT = YES;
			};
			name = Release;
		};
		BF487E0825D1ABAF00B1F073 /* Debug */ = {
			isa = XCBuildConfiguration;
			buildSettings = {
				ASSETCATALOG_COMPILER_APPICON_NAME = AppIcon;
				CODE_SIGN_STYLE = Automatic;
				INFOPLIST_FILE = UniSchedule/Info.plist;
				LD_RUNPATH_SEARCH_PATHS = (
					"$(inherited)",
					"@executable_path/Frameworks",
				);
				PRODUCT_BUNDLE_IDENTIFIER = com.parastoo.UniSchedule;
				PRODUCT_NAME = "$(TARGET_NAME)";
				SWIFT_VERSION = 5.0;
				TARGETED_DEVICE_FAMILY = "1,2";
			};
			name = Debug;
		};
		BF487E0925D1ABAF00B1F073 /* Release */ = {
			isa = XCBuildConfiguration;
			buildSettings = {
				ASSETCATALOG_COMPILER_APPICON_NAME = AppIcon;
				CODE_SIGN_STYLE = Automatic;
				INFOPLIST_FILE = UniSchedule/Info.plist;
				LD_RUNPATH_SEARCH_PATHS = (
					"$(inherited)",
					"@executable_path/Frameworks",
				);
				PRODUCT_BUNDLE_IDENTIFIER = com.parastoo.UniSchedule;
				PRODUCT_NAME = "$(TARGET_NAME)";
				SWIFT_VERSION = 5.0;
				TARGETED_DEVICE_FAMILY = "1,2";
			};
			name = Release;
		};
/* End XCBuildConfiguration section */

/* Begin XCConfigurationList section */
		BF487DEE25D1ABAD00B1F073 /* Build configuration list for PBXProject "UniSchedule" */ = {
			isa = XCConfigurationList;
			buildConfigurations = (
				BF487E0525D1ABAF00B1F073 /* Debug */,
				BF487E0625D1ABAF00B1F073 /* Release */,
			);
			defaultConfigurationIsVisible = 0;
			defaultConfigurationName = Release;
		};
		BF487E0725D1ABAF00B1F073 /* Build configuration list for PBXNativeTarget "UniSchedule" */ = {
			isa = XCConfigurationList;
			buildConfigurations = (
				BF487E0825D1ABAF00B1F073 /* Debug */,
				BF487E0925D1ABAF00B1F073 /* Release */,
			);
			defaultConfigurationIsVisible = 0;
			defaultConfigurationName = Release;
		};
/* End XCConfigurationList section */
	};
	rootObject = BF487DEB25D1ABAD00B1F073 /* Project object */;
}
